
Microsoft Visual Studio Solution File, Format Version 12.00
# Visual Studio 15
VisualStudioVersion = 15.0.26730.16
MinimumVisualStudioVersion = 10.0.40219.1
Project("{FAE04EC0-301F-11D3-BF4B-00C04F79EFBC}") = "PrácticaFiguraHerencia", "PractiaFiguraHerencia\PrácticaFiguraHerencia.csproj", "{90F3A006-F88D-464A-925E-5D08330CBDE9}"
EndProject
Global
	GlobalSection(SolutionConfigurationPlatforms) = preSolution
		Debug|Any CPU = Debug|Any CPU
		Release|Any CPU = Release|Any CPU
	EndGlobalSection
	GlobalSection(ProjectConfigurationPlatforms) = postSolution
		{90F3A006-F88D-464A-925E-5D08330CBDE9}.Debug|Any CPU.ActiveCfg = Debug|Any CPU
		{90F3A006-F88D-464A-925E-5D08330CBDE9}.Debug|Any CPU.Build.0 = Debug|Any CPU
		{90F3A006-F88D-464A-925E-5D08330CBDE9}.Release|Any CPU.ActiveCfg = Release|Any CPU
		{90F3A006-F88D-464A-925E-5D08330CBDE9}.Release|Any CPU.Build.0 = Release|Any CPU
	EndGlobalSection
	GlobalSection(SolutionProperties) = preSolution
		HideSolutionNode = FALSE
	EndGlobalSection
	GlobalSection(ExtensibilityGlobals) = postSolution
		SolutionGuid = {D47EB88B-2BC0-4B31-8EC1-42BFDD3CD0F2}
	EndGlobalSection
EndGlobal
